// !$*UTF8*$!
{
	archiveVersion = 1;
	classes = {
	};
	objectVersion = 56;
	objects = {

/* Begin PBXBuildFile section */
		AC089DE52B9428B800CED398 /* Lab3.swift in Sources */ = {isa = PBXBuildFile; fileRef = AC089DE42B9428B800CED398 /* Lab3.swift */; };
		AC089DE92B9444B800CED398 /* Canada.swift in Sources */ = {isa = PBXBuildFile; fileRef = AC089DE82B9444B800CED398 /* Canada.swift */; };
		AC089DEB2B9444DA00CED398 /* Quadratic.swift in Sources */ = {isa = PBXBuildFile; fileRef = AC089DEA2B9444DA00CED398 /* Quadratic.swift */; };
		AC10A3D52B9422C600AB3F2C /* Lab2.swift in Sources */ = {isa = PBXBuildFile; fileRef = AC10A3D42B9422C600AB3F2C /* Lab2.swift */; };
		AC5AD44A2B8ADC49009F3E30 /* AppDelegate.swift in Sources */ = {isa = PBXBuildFile; fileRef = AC5AD4492B8ADC49009F3E30 /* AppDelegate.swift */; };
		AC5AD44C2B8ADC49009F3E30 /* SceneDelegate.swift in Sources */ = {isa = PBXBuildFile; fileRef = AC5AD44B2B8ADC49009F3E30 /* SceneDelegate.swift */; };
		AC5AD44E2B8ADC49009F3E30 /* ViewController.swift in Sources */ = {isa = PBXBuildFile; fileRef = AC5AD44D2B8ADC49009F3E30 /* ViewController.swift */; };
		AC5AD4512B8ADC49009F3E30 /* Main.storyboard in Resources */ = {isa = PBXBuildFile; fileRef = AC5AD44F2B8ADC49009F3E30 /* Main.storyboard */; };
		AC5AD4532B8ADC4A009F3E30 /* Assets.xcassets in Resources */ = {isa = PBXBuildFile; fileRef = AC5AD4522B8ADC4A009F3E30 /* Assets.xcassets */; };
		AC5AD4562B8ADC4A009F3E30 /* LaunchScreen.storyboard in Resources */ = {isa = PBXBuildFile; fileRef = AC5AD4542B8ADC4A009F3E30 /* LaunchScreen.storyboard */; };
/* End PBXBuildFile section */

/* Begin PBXFileReference section */
		AC089DE42B9428B800CED398 /* Lab3.swift */ = {isa = PBXFileReference; lastKnownFileType = sourcecode.swift; path = Lab3.swift; sourceTree = "<group>"; };
		AC089DE82B9444B800CED398 /* Canada.swift */ = {isa = PBXFileReference; lastKnownFileType = sourcecode.swift; path = Canada.swift; sourceTree = "<group>"; };
		AC089DEA2B9444DA00CED398 /* Quadratic.swift */ = {isa = PBXFileReference; lastKnownFileType = sourcecode.swift; path = Quadratic.swift; sourceTree = "<group>"; };
		AC10A3D42B9422C600AB3F2C /* Lab2.swift */ = {isa = PBXFileReference; lastKnownFileType = sourcecode.swift; path = Lab2.swift; sourceTree = "<group>"; };
		AC5AD4462B8ADC49009F3E30 /* Daniil_Paskal_MT_9000409.app */ = {isa = PBXFileReference; explicitFileType = wrapper.application; includeInIndex = 0; path = Daniil_Paskal_MT_9000409.app; sourceTree = BUILT_PRODUCTS_DIR; };
		AC5AD4492B8ADC49009F3E30 /* AppDelegate.swift */ = {isa = PBXFileReference; lastKnownFileType = sourcecode.swift; path = AppDelegate.swift; sourceTree = "<group>"; };
		AC5AD44B2B8ADC49009F3E30 /* SceneDelegate.swift */ = {isa = PBXFileReference; lastKnownFileType = sourcecode.swift; path = SceneDelegate.swift; sourceTree = "<group>"; };
		AC5AD44D2B8ADC49009F3E30 /* ViewController.swift */ = {isa = PBXFileReference; lastKnownFileType = sourcecode.swift; path = ViewController.swift; sourceTree = "<group>"; };
		AC5AD4502B8ADC49009F3E30 /* Base */ = {isa = PBXFileReference; lastKnownFileType = file.storyboard; name = Base; path = Base.lproj/Main.storyboard; sourceTree = "<group>"; };
		AC5AD4522B8ADC4A009F3E30 /* Assets.xcassets */ = {isa = PBXFileReference; lastKnownFileType = folder.assetcatalog; path = Assets.xcassets; sourceTree = "<group>"; };
		AC5AD4552B8ADC4A009F3E30 /* Base */ = {isa = PBXFileReference; lastKnownFileType = file.storyboard; name = Base; path = Base.lproj/LaunchScreen.storyboard; sourceTree = "<group>"; };
		AC5AD4572B8ADC4A009F3E30 /* Info.plist */ = {isa = PBXFileReference; lastKnownFileType = text.plist.xml; path = Info.plist; sourceTree = "<group>"; };
/* End PBXFileReference section */

/* Begin PBXFrameworksBuildPhase section */
		AC5AD4432B8ADC49009F3E30 /* Frameworks */ = {
			isa = PBXFrameworksBuildPhase;
			buildActionMask = 2147483647;
			files = (
			);
			runOnlyForDeploymentPostprocessing = 0;
		};
/* End PBXFrameworksBuildPhase section */

/* Begin PBXGroup section */
		AC5AD43D2B8ADC49009F3E30 = {
			isa = PBXGroup;
			children = (
				AC5AD4482B8ADC49009F3E30 /* Daniil_Paskal_MT_9000409 */,
				AC5AD4472B8ADC49009F3E30 /* Products */,
			);
			sourceTree = "<group>";
		};
		AC5AD4472B8ADC49009F3E30 /* Products */ = {
			isa = PBXGroup;
			children = (
				AC5AD4462B8ADC49009F3E30 /* Daniil_Paskal_MT_9000409.app */,
			);
			name = Products;
			sourceTree = "<group>";
		};
		AC5AD4482B8ADC49009F3E30 /* Daniil_Paskal_MT_9000409 */ = {
			isa = PBXGroup;
			children = (
				AC5AD4492B8ADC49009F3E30 /* AppDelegate.swift */,
				AC5AD44B2B8ADC49009F3E30 /* SceneDelegate.swift */,
				AC5AD44D2B8ADC49009F3E30 /* ViewController.swift */,
				AC5AD44F2B8ADC49009F3E30 /* Main.storyboard */,
				AC5AD4522B8ADC4A009F3E30 /* Assets.xcassets */,
				AC5AD4542B8ADC4A009F3E30 /* LaunchScreen.storyboard */,
				AC5AD4572B8ADC4A009F3E30 /* Info.plist */,
				AC10A3D42B9422C600AB3F2C /* Lab2.swift */,
				AC089DE42B9428B800CED398 /* Lab3.swift */,
				AC089DE82B9444B800CED398 /* Canada.swift */,
				AC089DEA2B9444DA00CED398 /* Quadratic.swift */,
			);
			path = Daniil_Paskal_MT_9000409;
			sourceTree = "<group>";
		};
/* End PBXGroup section */

/* Begin PBXNativeTarget section */
		AC5AD4452B8ADC49009F3E30 /* Daniil_Paskal_MT_9000409 */ = {
			isa = PBXNativeTarget;
			buildConfigurationList = AC5AD45A2B8ADC4A009F3E30 /* Build configuration list for PBXNativeTarget "Daniil_Paskal_MT_9000409" */;
			buildPhases = (
				AC5AD4422B8ADC49009F3E30 /* Sources */,
				AC5AD4432B8ADC49009F3E30 /* Frameworks */,
				AC5AD4442B8ADC49009F3E30 /* Resources */,
			);
			buildRules = (
			);
			dependencies = (
			);
			name = Daniil_Paskal_MT_9000409;
			productName = Daniil_Paskal_MT_9000409;
			productReference = AC5AD4462B8ADC49009F3E30 /* Daniil_Paskal_MT_9000409.app */;
			productType = "com.apple.product-type.application";
		};
/* End PBXNativeTarget section */

/* Begin PBXProject section */
		AC5AD43E2B8ADC49009F3E30 /* Project object */ = {
			isa = PBXProject;
			attributes = {
				BuildIndependentTargetsInParallel = 1;
				LastSwiftUpdateCheck = 1420;
				LastUpgradeCheck = 1420;
				TargetAttributes = {
					AC5AD4452B8ADC49009F3E30 = {
						CreatedOnToolsVersion = 14.2;
					};
				};
			};
			buildConfigurationList = AC5AD4412B8ADC49009F3E30 /* Build configuration list for PBXProject "Daniil_Paskal_MT_9000409" */;
			compatibilityVersion = "Xcode 14.0";
			developmentRegion = en;
			hasScannedForEncodings = 0;
			knownRegions = (
				en,
				Base,
			);
			mainGroup = AC5AD43D2B8ADC49009F3E30;
			productRefGroup = AC5AD4472B8ADC49009F3E30 /* Products */;
			projectDirPath = "";
			projectRoot = "";
			targets = (
				AC5AD4452B8ADC49009F3E30 /* Daniil_Paskal_MT_9000409 */,
			);
		};
/* End PBXProject section */

/* Begin PBXResourcesBuildPhase section */
		AC5AD4442B8ADC49009F3E30 /* Resources */ = {
			isa = PBXResourcesBuildPhase;
			buildActionMask = 2147483647;
			files = (
				AC5AD4562B8ADC4A009F3E30 /* LaunchScreen.storyboard in Resources */,
				AC5AD4532B8ADC4A009F3E30 /* Assets.xcassets in Resources */,
				AC5AD4512B8ADC49009F3E30 /* Main.storyboard in Resources */,
			);
			runOnlyForDeploymentPostprocessing = 0;
		};
/* End PBXResourcesBuildPhase section */

/* Begin PBXSourcesBuildPhase section */
		AC5AD4422B8ADC49009F3E30 /* Sources */ = {
			isa = PBXSourcesBuildPhase;
			buildActionMask = 2147483647;
			files = (
				AC089DE52B9428B800CED398 /* Lab3.swift in Sources */,
				AC5AD44E2B8ADC49009F3E30 /* ViewController.swift in Sources */,
				AC5AD44A2B8ADC49009F3E30 /* AppDelegate.swift in Sources */,
				AC10A3D52B9422C600AB3F2C /* Lab2.swift in Sources */,
				AC5AD44C2B8ADC49009F3E30 /* SceneDelegate.swift in Sources */,
				AC089DE92B9444B800CED398 /* Canada.swift in Sources */,
				AC089DEB2B9444DA00CED398 /* Quadratic.swift in Sources */,
			);
			runOnlyForDeploymentPostprocessing = 0;
		};
/* End PBXSourcesBuildPhase section */

/* Begin PBXVariantGroup section */
		AC5AD44F2B8ADC49009F3E30 /* Main.storyboard */ = {
			isa = PBXVariantGroup;
			children = (
				AC5AD4502B8ADC49009F3E30 /* Base */,
			);
			name = Main.storyboard;
			sourceTree = "<group>";
		};
		AC5AD4542B8ADC4A009F3E30 /* LaunchScreen.storyboard */ = {
			isa = PBXVariantGroup;
			children = (
				AC5AD4552B8ADC4A009F3E30 /* Base */,
			);
			name = LaunchScreen.storyboard;
			sourceTree = "<group>";
		};
/* End PBXVariantGroup section */

/* Begin XCBuildConfiguration section */
		AC5AD4582B8ADC4A009F3E30 /* Debug */ = {
			isa = XCBuildConfiguration;
			buildSettings = {
				ALWAYS_SEARCH_USER_PATHS = NO;
				CLANG_ANALYZER_NONNULL = YES;
				CLANG_ANALYZER_NUMBER_OBJECT_CONVERSION = YES_AGGRESSIVE;
				CLANG_CXX_LANGUAGE_STANDARD = "gnu++20";
				CLANG_ENABLE_MODULES = YES;
				CLANG_ENABLE_OBJC_ARC = YES;
				CLANG_ENABLE_OBJC_WEAK = YES;
				CLANG_WARN_BLOCK_CAPTURE_AUTORELEASING = YES;
				CLANG_WARN_BOOL_CONVERSION = YES;
				CLANG_WARN_COMMA = YES;
				CLANG_WARN_CONSTANT_CONVERSION = YES;
				CLANG_WARN_DEPRECATED_OBJC_IMPLEMENTATIONS = YES;
				CLANG_WARN_DIRECT_OBJC_ISA_USAGE = YES_ERROR;
				CLANG_WARN_DOCUMENTATION_COMMENTS = YES;
				CLANG_WARN_EMPTY_BODY = YES;
				CLANG_WARN_ENUM_CONVERSION = YES;
				CLANG_WARN_INFINITE_RECURSION = YES;
				CLANG_WARN_INT_CONVERSION = YES;
				CLANG_WARN_NON_LITERAL_NULL_CONVERSION = YES;
				CLANG_WARN_OBJC_IMPLICIT_RETAIN_SELF = YES;
				CLANG_WARN_OBJC_LITERAL_CONVERSION = YES;
				CLANG_WARN_OBJC_ROOT_CLASS = YES_ERROR;
				CLANG_WARN_QUOTED_INCLUDE_IN_FRAMEWORK_HEADER = YES;
				CLANG_WARN_RANGE_LOOP_ANALYSIS = YES;
				CLANG_WARN_STRICT_PROTOTYPES = YES;
				CLANG_WARN_SUSPICIOUS_MOVE = YES;
				CLANG_WARN_UNGUARDED_AVAILABILITY = YES_AGGRESSIVE;
				CLANG_WARN_UNREACHABLE_CODE = YES;
				CLANG_WARN__DUPLICATE_METHOD_MATCH = YES;
				COPY_PHASE_STRIP = NO;
				DEBUG_INFORMATION_FORMAT = dwarf;
				ENABLE_STRICT_OBJC_MSGSEND = YES;
				ENABLE_TESTABILITY = YES;
				GCC_C_LANGUAGE_STANDARD = gnu11;
				GCC_DYNAMIC_NO_PIC = NO;
				GCC_NO_COMMON_BLOCKS = YES;
				GCC_OPTIMIZATION_LEVEL = 0;
				GCC_PREPROCESSOR_DEFINITIONS = (
					"DEBUG=1",
					"$(inherited)",
				);
				GCC_WARN_64_TO_32_BIT_CONVERSION = YES;
				GCC_WARN_ABOUT_RETURN_TYPE = YES_ERROR;
				GCC_WARN_UNDECLARED_SELECTOR = YES;
				GCC_WARN_UNINITIALIZED_AUTOS = YES_AGGRESSIVE;
				GCC_WARN_UNUSED_FUNCTION = YES;
				GCC_WARN_UNUSED_VARIABLE = YES;
				IPHONEOS_DEPLOYMENT_TARGET = 16.2;
				MTL_ENABLE_DEBUG_INFO = INCLUDE_SOURCE;
				MTL_FAST_MATH = YES;
				ONLY_ACTIVE_ARCH = YES;
				SDKROOT = iphoneos;
				SWIFT_ACTIVE_COMPILATION_CONDITIONS = DEBUG;
				SWIFT_OPTIMIZATION_LEVEL = "-Onone";
			};
			name = Debug;
		};
		AC5AD4592B8ADC4A009F3E30 /* Release */ = {
			isa = XCBuildConfiguration;
			buildSettings = {
				ALWAYS_SEARCH_USER_PATHS = NO;
				CLANG_ANALYZER_NONNULL = YES;
				CLANG_ANALYZER_NUMBER_OBJECT_CONVERSION = YES_AGGRESSIVE;
				CLANG_CXX_LANGUAGE_STANDARD = "gnu++20";
				CLANG_ENABLE_MODULES = YES;
				CLANG_ENABLE_OBJC_ARC = YES;
				CLANG_ENABLE_OBJC_WEAK = YES;
				CLANG_WARN_BLOCK_CAPTURE_AUTORELEASING = YES;
				CLANG_WARN_BOOL_CONVERSION = YES;
				CLANG_WARN_COMMA = YES;
				CLANG_WARN_CONSTANT_CONVERSION = YES;
				CLANG_WARN_DEPRECATED_OBJC_IMPLEMENTATIONS = YES;
				CLANG_WARN_DIRECT_OBJC_ISA_USAGE = YES_ERROR;
				CLANG_WARN_DOCUMENTATION_COMMENTS = YES;
				CLANG_WARN_EMPTY_BODY = YES;
				CLANG_WARN_ENUM_CONVERSION = YES;
				CLANG_WARN_INFINITE_RECURSION = YES;
				CLANG_WARN_INT_CONVERSION = YES;
				CLANG_WARN_NON_LITERAL_NULL_CONVERSION = YES;
				CLANG_WARN_OBJC_IMPLICIT_RETAIN_SELF = YES;
				CLANG_WARN_OBJC_LITERAL_CONVERSION = YES;
				CLANG_WARN_OBJC_ROOT_CLASS = YES_ERROR;
				CLANG_WARN_QUOTED_INCLUDE_IN_FRAMEWORK_HEADER = YES;
				CLANG_WARN_RANGE_LOOP_ANALYSIS = YES;
				CLANG_WARN_STRICT_PROTOTYPES = YES;
				CLANG_WARN_SUSPICIOUS_MOVE = YES;
				CLANG_WARN_UNGUARDED_AVAILABILITY = YES_AGGRESSIVE;
				CLANG_WARN_UNREACHABLE_CODE = YES;
				CLANG_WARN__DUPLICATE_METHOD_MATCH = YES;
				COPY_PHASE_STRIP = NO;
				DEBUG_INFORMATION_FORMAT = "dwarf-with-dsym";
				ENABLE_NS_ASSERTIONS = NO;
				ENABLE_STRICT_OBJC_MSGSEND = YES;
				GCC_C_LANGUAGE_STANDARD = gnu11;
				GCC_NO_COMMON_BLOCKS = YES;
				GCC_WARN_64_TO_32_BIT_CONVERSION = YES;
				GCC_WARN_ABOUT_RETURN_TYPE = YES_ERROR;
				GCC_WARN_UNDECLARED_SELECTOR = YES;
				GCC_WARN_UNINITIALIZED_AUTOS = YES_AGGRESSIVE;
				GCC_WARN_UNUSED_FUNCTION = YES;
				GCC_WARN_UNUSED_VARIABLE = YES;
				IPHONEOS_DEPLOYMENT_TARGET = 16.2;
				MTL_ENABLE_DEBUG_INFO = NO;
				MTL_FAST_MATH = YES;
				SDKROOT = iphoneos;
				SWIFT_COMPILATION_MODE = wholemodule;
				SWIFT_OPTIMIZATION_LEVEL = "-O";
				VALIDATE_PRODUCT = YES;
			};
			name = Release;
		};
		AC5AD45B2B8ADC4A009F3E30 /* Debug */ = {
			isa = XCBuildConfiguration;
			buildSettings = {
				ASSETCATALOG_COMPILER_APPICON_NAME = AppIcon;
				ASSETCATALOG_COMPILER_GLOBAL_ACCENT_COLOR_NAME = AccentColor;
				CODE_SIGN_STYLE = Automatic;
				CURRENT_PROJECT_VERSION = 1;
				DEVELOPMENT_TEAM = 5G3KHL297U;
				GENERATE_INFOPLIST_FILE = YES;
				INFOPLIST_FILE = Daniil_Paskal_MT_9000409/Info.plist;
				INFOPLIST_KEY_UIApplicationSupportsIndirectInputEvents = YES;
				INFOPLIST_KEY_UILaunchStoryboardName = LaunchScreen;
				INFOPLIST_KEY_UIMainStoryboardFile = Main;
				INFOPLIST_KEY_UISupportedInterfaceOrientations = UIInterfaceOrientationPortrait;
				LD_RUNPATH_SEARCH_PATHS = (
					"$(inherited)",
					"@executable_path/Frameworks",
				);
				MARKETING_VERSION = 1.0;
				PRODUCT_BUNDLE_IDENTIFIER = "com.conestoga.Daniil-Paskal-MT-9000409";
				PRODUCT_NAME = "$(TARGET_NAME)";
				SUPPORTED_PLATFORMS = "iphoneos iphonesimulator";
				SUPPORTS_MACCATALYST = NO;
				SUPPORTS_MAC_DESIGNED_FOR_IPHONE_IPAD = NO;
				SWIFT_EMIT_LOC_STRINGS = YES;
				SWIFT_VERSION = 5.0;
				TARGETED_DEVICE_FAMILY = 1;
			};
			name = Debug;
		};
		AC5AD45C2B8ADC4A009F3E30 /* Release */ = {
			isa = XCBuildConfiguration;
			buildSettings = {
				ASSETCATALOG_COMPILER_APPICON_NAME = AppIcon;
				ASSETCATALOG_COMPILER_GLOBAL_ACCENT_COLOR_NAME = AccentColor;
				CODE_SIGN_STYLE = Automatic;
				CURRENT_PROJECT_VERSION = 1;
				DEVELOPMENT_TEAM = 5G3KHL297U;
				GENERATE_INFOPLIST_FILE = YES;
				INFOPLIST_FILE = Daniil_Paskal_MT_9000409/Info.plist;
				INFOPLIST_KEY_UIApplicationSupportsIndirectInputEvents = YES;
				INFOPLIST_KEY_UILaunchStoryboardName = LaunchScreen;
				INFOPLIST_KEY_UIMainStoryboardFile = Main;
				INFOPLIST_KEY_UISupportedInterfaceOrientations = UIInterfaceOrientationPortrait;
				LD_RUNPATH_SEARCH_PATHS = (
					"$(inherited)",
					"@executable_path/Frameworks",
				);
				MARKETING_VERSION = 1.0;
				PRODUCT_BUNDLE_IDENTIFIER = "com.conestoga.Daniil-Paskal-MT-9000409";
				PRODUCT_NAME = "$(TARGET_NAME)";
				SUPPORTED_PLATFORMS = "iphoneos iphonesimulator";
				SUPPORTS_MACCATALYST = NO;
				SUPPORTS_MAC_DESIGNED_FOR_IPHONE_IPAD = NO;
				SWIFT_EMIT_LOC_STRINGS = YES;
				SWIFT_VERSION = 5.0;
				TARGETED_DEVICE_FAMILY = 1;
			};
			name = Release;
		};
/* End XCBuildConfiguration section */

/* Begin XCConfigurationList section */
		AC5AD4412B8ADC49009F3E30 /* Build configuration list for PBXProject "Daniil_Paskal_MT_9000409" */ = {
			isa = XCConfigurationList;
			buildConfigurations = (
				AC5AD4582B8ADC4A009F3E30 /* Debug */,
				AC5AD4592B8ADC4A009F3E30 /* Release */,
			);
			defaultConfigurationIsVisible = 0;
			defaultConfigurationName = Release;
		};
		AC5AD45A2B8ADC4A009F3E30 /* Build configuration list for PBXNativeTarget "Daniil_Paskal_MT_9000409" */ = {
			isa = XCConfigurationList;
			buildConfigurations = (
				AC5AD45B2B8ADC4A009F3E30 /* Debug */,
				AC5AD45C2B8ADC4A009F3E30 /* Release */,
			);
			defaultConfigurationIsVisible = 0;
			defaultConfigurationName = Release;
		};
/* End XCConfigurationList section */
	};
	rootObject = AC5AD43E2B8ADC49009F3E30 /* Project object */;
}
